// !$*UTF8*$!
{
	archiveVersion = 1;
	classes = {
	};
	objectVersion = 50;
	objects = {

/* Begin PBXBuildFile section */
		1B7893962802B13400E830AE /* AppDelegate.swift in Sources */ = {isa = PBXBuildFile; fileRef = 1B7893952802B13400E830AE /* AppDelegate.swift */; };
		1B7893982802B13400E830AE /* SceneDelegate.swift in Sources */ = {isa = PBXBuildFile; fileRef = 1B7893972802B13400E830AE /* SceneDelegate.swift */; };
		1B78939D2802B13400E830AE /* Main.storyboard in Resources */ = {isa = PBXBuildFile; fileRef = 1B78939B2802B13400E830AE /* Main.storyboard */; };
		1B78939F2802B13600E830AE /* Assets.xcassets in Resources */ = {isa = PBXBuildFile; fileRef = 1B78939E2802B13600E830AE /* Assets.xcassets */; };
		1B7893A22802B13600E830AE /* LaunchScreen.storyboard in Resources */ = {isa = PBXBuildFile; fileRef = 1B7893A02802B13600E830AE /* LaunchScreen.storyboard */; };
		1B7893AD2802B13700E830AE /* SWAPITests.swift in Sources */ = {isa = PBXBuildFile; fileRef = 1B7893AC2802B13700E830AE /* SWAPITests.swift */; };
		1B7893B82802B13700E830AE /* SWAPIUITests.swift in Sources */ = {isa = PBXBuildFile; fileRef = 1B7893B72802B13700E830AE /* SWAPIUITests.swift */; };
		1B7893DC2802B47700E830AE /* PeopleCell.swift in Sources */ = {isa = PBXBuildFile; fileRef = 1B7893DA2802B47700E830AE /* PeopleCell.swift */; };
		1B7893DD2802B47700E830AE /* PeopleCell.xib in Resources */ = {isa = PBXBuildFile; fileRef = 1B7893DB2802B47700E830AE /* PeopleCell.xib */; };
		1B7893E22802B98700E830AE /* PeopleViewController.swift in Sources */ = {isa = PBXBuildFile; fileRef = 1B7893E12802B98700E830AE /* PeopleViewController.swift */; };
		1B7893EA2803029F00E830AE /* SWAPI.swift in Sources */ = {isa = PBXBuildFile; fileRef = 1B7893E92803029F00E830AE /* SWAPI.swift */; };
		1B7893EF280304F100E830AE /* People.swift in Sources */ = {isa = PBXBuildFile; fileRef = 1B7893EE280304F100E830AE /* People.swift */; };
		1BDA599528051D9800582437 /* PeopleViewModel.swift in Sources */ = {isa = PBXBuildFile; fileRef = 1BDA599428051D9800582437 /* PeopleViewModel.swift */; };
		1BDA599A2807259300582437 /* Planet.swift in Sources */ = {isa = PBXBuildFile; fileRef = 1BDA59992807259300582437 /* Planet.swift */; };
		1BDA599F280725A900582437 /* Species.swift in Sources */ = {isa = PBXBuildFile; fileRef = 1BDA599E280725A900582437 /* Species.swift */; };
/* End PBXBuildFile section */

/* Begin PBXContainerItemProxy section */
		1B7893A92802B13700E830AE /* PBXContainerItemProxy */ = {
			isa = PBXContainerItemProxy;
			containerPortal = 1B78938A2802B13300E830AE /* Project object */;
			proxyType = 1;
			remoteGlobalIDString = 1B7893912802B13400E830AE;
			remoteInfo = SWAPI;
		};
		1B7893B42802B13700E830AE /* PBXContainerItemProxy */ = {
			isa = PBXContainerItemProxy;
			containerPortal = 1B78938A2802B13300E830AE /* Project object */;
			proxyType = 1;
			remoteGlobalIDString = 1B7893912802B13400E830AE;
			remoteInfo = SWAPI;
		};
/* End PBXContainerItemProxy section */

/* Begin PBXFileReference section */
		1B7893922802B13400E830AE /* SWAPI.app */ = {isa = PBXFileReference; explicitFileType = wrapper.application; includeInIndex = 0; path = SWAPI.app; sourceTree = BUILT_PRODUCTS_DIR; };
		1B7893952802B13400E830AE /* AppDelegate.swift */ = {isa = PBXFileReference; lastKnownFileType = sourcecode.swift; path = AppDelegate.swift; sourceTree = "<group>"; };
		1B7893972802B13400E830AE /* SceneDelegate.swift */ = {isa = PBXFileReference; lastKnownFileType = sourcecode.swift; path = SceneDelegate.swift; sourceTree = "<group>"; };
		1B78939C2802B13400E830AE /* Base */ = {isa = PBXFileReference; lastKnownFileType = file.storyboard; name = Base; path = Base.lproj/Main.storyboard; sourceTree = "<group>"; };
		1B78939E2802B13600E830AE /* Assets.xcassets */ = {isa = PBXFileReference; lastKnownFileType = folder.assetcatalog; path = Assets.xcassets; sourceTree = "<group>"; };
		1B7893A12802B13600E830AE /* Base */ = {isa = PBXFileReference; lastKnownFileType = file.storyboard; name = Base; path = Base.lproj/LaunchScreen.storyboard; sourceTree = "<group>"; };
		1B7893A32802B13600E830AE /* Info.plist */ = {isa = PBXFileReference; lastKnownFileType = text.plist.xml; path = Info.plist; sourceTree = "<group>"; };
		1B7893A82802B13700E830AE /* SWAPITests.xctest */ = {isa = PBXFileReference; explicitFileType = wrapper.cfbundle; includeInIndex = 0; path = SWAPITests.xctest; sourceTree = BUILT_PRODUCTS_DIR; };
		1B7893AC2802B13700E830AE /* SWAPITests.swift */ = {isa = PBXFileReference; lastKnownFileType = sourcecode.swift; path = SWAPITests.swift; sourceTree = "<group>"; };
		1B7893AE2802B13700E830AE /* Info.plist */ = {isa = PBXFileReference; lastKnownFileType = text.plist.xml; path = Info.plist; sourceTree = "<group>"; };
		1B7893B32802B13700E830AE /* SWAPIUITests.xctest */ = {isa = PBXFileReference; explicitFileType = wrapper.cfbundle; includeInIndex = 0; path = SWAPIUITests.xctest; sourceTree = BUILT_PRODUCTS_DIR; };
		1B7893B72802B13700E830AE /* SWAPIUITests.swift */ = {isa = PBXFileReference; lastKnownFileType = sourcecode.swift; path = SWAPIUITests.swift; sourceTree = "<group>"; };
		1B7893B92802B13700E830AE /* Info.plist */ = {isa = PBXFileReference; lastKnownFileType = text.plist.xml; path = Info.plist; sourceTree = "<group>"; };
		1B7893DA2802B47700E830AE /* PeopleCell.swift */ = {isa = PBXFileReference; lastKnownFileType = sourcecode.swift; path = PeopleCell.swift; sourceTree = "<group>"; };
		1B7893DB2802B47700E830AE /* PeopleCell.xib */ = {isa = PBXFileReference; lastKnownFileType = file.xib; path = PeopleCell.xib; sourceTree = "<group>"; };
		1B7893E12802B98700E830AE /* PeopleViewController.swift */ = {isa = PBXFileReference; lastKnownFileType = sourcecode.swift; path = PeopleViewController.swift; sourceTree = "<group>"; };
		1B7893E92803029F00E830AE /* SWAPI.swift */ = {isa = PBXFileReference; lastKnownFileType = sourcecode.swift; path = SWAPI.swift; sourceTree = "<group>"; };
		1B7893EE280304F100E830AE /* People.swift */ = {isa = PBXFileReference; lastKnownFileType = sourcecode.swift; path = People.swift; sourceTree = "<group>"; };
		1BDA599428051D9800582437 /* PeopleViewModel.swift */ = {isa = PBXFileReference; lastKnownFileType = sourcecode.swift; path = PeopleViewModel.swift; sourceTree = "<group>"; };
		1BDA59992807259300582437 /* Planet.swift */ = {isa = PBXFileReference; lastKnownFileType = sourcecode.swift; path = Planet.swift; sourceTree = "<group>"; };
		1BDA599E280725A900582437 /* Species.swift */ = {isa = PBXFileReference; lastKnownFileType = sourcecode.swift; path = Species.swift; sourceTree = "<group>"; };
/* End PBXFileReference section */

/* Begin PBXFrameworksBuildPhase section */
		1B78938F2802B13400E830AE /* Frameworks */ = {
			isa = PBXFrameworksBuildPhase;
			buildActionMask = 2147483647;
			files = (
			);
			runOnlyForDeploymentPostprocessing = 0;
		};
		1B7893A52802B13700E830AE /* Frameworks */ = {
			isa = PBXFrameworksBuildPhase;
			buildActionMask = 2147483647;
			files = (
			);
			runOnlyForDeploymentPostprocessing = 0;
		};
		1B7893B02802B13700E830AE /* Frameworks */ = {
			isa = PBXFrameworksBuildPhase;
			buildActionMask = 2147483647;
			files = (
			);
			runOnlyForDeploymentPostprocessing = 0;
		};
/* End PBXFrameworksBuildPhase section */

/* Begin PBXGroup section */
		1B7893892802B13300E830AE = {
			isa = PBXGroup;
			children = (
				1B7893942802B13400E830AE /* SWAPI */,
				1B7893AB2802B13700E830AE /* SWAPITests */,
				1B7893B62802B13700E830AE /* SWAPIUITests */,
				1B7893932802B13400E830AE /* Products */,
			);
			sourceTree = "<group>";
		};
		1B7893932802B13400E830AE /* Products */ = {
			isa = PBXGroup;
			children = (
				1B7893922802B13400E830AE /* SWAPI.app */,
				1B7893A82802B13700E830AE /* SWAPITests.xctest */,
				1B7893B32802B13700E830AE /* SWAPIUITests.xctest */,
			);
			name = Products;
			sourceTree = "<group>";
		};
		1B7893942802B13400E830AE /* SWAPI */ = {
			isa = PBXGroup;
			children = (
				1B7893952802B13400E830AE /* AppDelegate.swift */,
				1B7893972802B13400E830AE /* SceneDelegate.swift */,
				1B7893E12802B98700E830AE /* PeopleViewController.swift */,
				1B7893E92803029F00E830AE /* SWAPI.swift */,
				1BDA59A3280725EA00582437 /* Models */,
				1B78939B2802B13400E830AE /* Main.storyboard */,
				1B7893DA2802B47700E830AE /* PeopleCell.swift */,
				1B7893DB2802B47700E830AE /* PeopleCell.xib */,
				1B78939E2802B13600E830AE /* Assets.xcassets */,
				1B7893A02802B13600E830AE /* LaunchScreen.storyboard */,
				1B7893A32802B13600E830AE /* Info.plist */,
			);
			path = SWAPI;
			sourceTree = "<group>";
		};
		1B7893AB2802B13700E830AE /* SWAPITests */ = {
			isa = PBXGroup;
			children = (
				1B7893AC2802B13700E830AE /* SWAPITests.swift */,
				1B7893AE2802B13700E830AE /* Info.plist */,
			);
			path = SWAPITests;
			sourceTree = "<group>";
		};
		1B7893B62802B13700E830AE /* SWAPIUITests */ = {
			isa = PBXGroup;
			children = (
				1B7893B72802B13700E830AE /* SWAPIUITests.swift */,
				1B7893B92802B13700E830AE /* Info.plist */,
			);
			path = SWAPIUITests;
			sourceTree = "<group>";
		};
		1BDA59A3280725EA00582437 /* Models */ = {
			isa = PBXGroup;
			children = (
				1B7893EE280304F100E830AE /* People.swift */,
				1BDA599E280725A900582437 /* Species.swift */,
				1BDA59992807259300582437 /* Planet.swift */,
				1BDA599428051D9800582437 /* PeopleViewModel.swift */,
			);
			path = Models;
			sourceTree = "<group>";
		};
/* End PBXGroup section */

/* Begin PBXNativeTarget section */
		1B7893912802B13400E830AE /* SWAPI */ = {
			isa = PBXNativeTarget;
			buildConfigurationList = 1B7893BC2802B13700E830AE /* Build configuration list for PBXNativeTarget "SWAPI" */;
			buildPhases = (
				1B78938E2802B13400E830AE /* Sources */,
				1B78938F2802B13400E830AE /* Frameworks */,
				1B7893902802B13400E830AE /* Resources */,
			);
			buildRules = (
			);
			dependencies = (
			);
			name = SWAPI;
			productName = SWAPI;
			productReference = 1B7893922802B13400E830AE /* SWAPI.app */;
			productType = "com.apple.product-type.application";
		};
		1B7893A72802B13700E830AE /* SWAPITests */ = {
			isa = PBXNativeTarget;
			buildConfigurationList = 1B7893BF2802B13700E830AE /* Build configuration list for PBXNativeTarget "SWAPITests" */;
			buildPhases = (
				1B7893A42802B13700E830AE /* Sources */,
				1B7893A52802B13700E830AE /* Frameworks */,
				1B7893A62802B13700E830AE /* Resources */,
			);
			buildRules = (
			);
			dependencies = (
				1B7893AA2802B13700E830AE /* PBXTargetDependency */,
			);
			name = SWAPITests;
			productName = SWAPITests;
			productReference = 1B7893A82802B13700E830AE /* SWAPITests.xctest */;
			productType = "com.apple.product-type.bundle.unit-test";
		};
		1B7893B22802B13700E830AE /* SWAPIUITests */ = {
			isa = PBXNativeTarget;
			buildConfigurationList = 1B7893C22802B13700E830AE /* Build configuration list for PBXNativeTarget "SWAPIUITests" */;
			buildPhases = (
				1B7893AF2802B13700E830AE /* Sources */,
				1B7893B02802B13700E830AE /* Frameworks */,
				1B7893B12802B13700E830AE /* Resources */,
			);
			buildRules = (
			);
			dependencies = (
				1B7893B52802B13700E830AE /* PBXTargetDependency */,
			);
			name = SWAPIUITests;
			productName = SWAPIUITests;
			productReference = 1B7893B32802B13700E830AE /* SWAPIUITests.xctest */;
			productType = "com.apple.product-type.bundle.ui-testing";
		};
/* End PBXNativeTarget section */

/* Begin PBXProject section */
		1B78938A2802B13300E830AE /* Project object */ = {
			isa = PBXProject;
			attributes = {
				LastSwiftUpdateCheck = 1240;
				LastUpgradeCheck = 1240;
				TargetAttributes = {
					1B7893912802B13400E830AE = {
						CreatedOnToolsVersion = 12.4;
					};
					1B7893A72802B13700E830AE = {
						CreatedOnToolsVersion = 12.4;
						TestTargetID = 1B7893912802B13400E830AE;
					};
					1B7893B22802B13700E830AE = {
						CreatedOnToolsVersion = 12.4;
						TestTargetID = 1B7893912802B13400E830AE;
					};
				};
			};
			buildConfigurationList = 1B78938D2802B13300E830AE /* Build configuration list for PBXProject "SWAPI" */;
			compatibilityVersion = "Xcode 9.3";
			developmentRegion = en;
			hasScannedForEncodings = 0;
			knownRegions = (
				en,
				Base,
			);
			mainGroup = 1B7893892802B13300E830AE;
			productRefGroup = 1B7893932802B13400E830AE /* Products */;
			projectDirPath = "";
			projectRoot = "";
			targets = (
				1B7893912802B13400E830AE /* SWAPI */,
				1B7893A72802B13700E830AE /* SWAPITests */,
				1B7893B22802B13700E830AE /* SWAPIUITests */,
			);
		};
/* End PBXProject section */

/* Begin PBXResourcesBuildPhase section */
		1B7893902802B13400E830AE /* Resources */ = {
			isa = PBXResourcesBuildPhase;
			buildActionMask = 2147483647;
			files = (
				1B7893DD2802B47700E830AE /* PeopleCell.xib in Resources */,
				1B7893A22802B13600E830AE /* LaunchScreen.storyboard in Resources */,
				1B78939F2802B13600E830AE /* Assets.xcassets in Resources */,
				1B78939D2802B13400E830AE /* Main.storyboard in Resources */,
			);
			runOnlyForDeploymentPostprocessing = 0;
		};
		1B7893A62802B13700E830AE /* Resources */ = {
			isa = PBXResourcesBuildPhase;
			buildActionMask = 2147483647;
			files = (
			);
			runOnlyForDeploymentPostprocessing = 0;
		};
		1B7893B12802B13700E830AE /* Resources */ = {
			isa = PBXResourcesBuildPhase;
			buildActionMask = 2147483647;
			files = (
			);
			runOnlyForDeploymentPostprocessing = 0;
		};
/* End PBXResourcesBuildPhase section */

/* Begin PBXSourcesBuildPhase section */
		1B78938E2802B13400E830AE /* Sources */ = {
			isa = PBXSourcesBuildPhase;
			buildActionMask = 2147483647;
			files = (
				1B7893E22802B98700E830AE /* PeopleViewController.swift in Sources */,
				1B7893DC2802B47700E830AE /* PeopleCell.swift in Sources */,
				1B7893962802B13400E830AE /* AppDelegate.swift in Sources */,
				1BDA599A2807259300582437 /* Planet.swift in Sources */,
				1B7893EA2803029F00E830AE /* SWAPI.swift in Sources */,
				1BDA599528051D9800582437 /* PeopleViewModel.swift in Sources */,
				1B7893EF280304F100E830AE /* People.swift in Sources */,
				1BDA599F280725A900582437 /* Species.swift in Sources */,
				1B7893982802B13400E830AE /* SceneDelegate.swift in Sources */,
			);
			runOnlyForDeploymentPostprocessing = 0;
		};
		1B7893A42802B13700E830AE /* Sources */ = {
			isa = PBXSourcesBuildPhase;
			buildActionMask = 2147483647;
			files = (
				1B7893AD2802B13700E830AE /* SWAPITests.swift in Sources */,
			);
			runOnlyForDeploymentPostprocessing = 0;
		};
		1B7893AF2802B13700E830AE /* Sources */ = {
			isa = PBXSourcesBuildPhase;
			buildActionMask = 2147483647;
			files = (
				1B7893B82802B13700E830AE /* SWAPIUITests.swift in Sources */,
			);
			runOnlyForDeploymentPostprocessing = 0;
		};
/* End PBXSourcesBuildPhase section */

/* Begin PBXTargetDependency section */
		1B7893AA2802B13700E830AE /* PBXTargetDependency */ = {
			isa = PBXTargetDependency;
			target = 1B7893912802B13400E830AE /* SWAPI */;
			targetProxy = 1B7893A92802B13700E830AE /* PBXContainerItemProxy */;
		};
		1B7893B52802B13700E830AE /* PBXTargetDependency */ = {
			isa = PBXTargetDependency;
			target = 1B7893912802B13400E830AE /* SWAPI */;
			targetProxy = 1B7893B42802B13700E830AE /* PBXContainerItemProxy */;
		};
/* End PBXTargetDependency section */

/* Begin PBXVariantGroup section */
		1B78939B2802B13400E830AE /* Main.storyboard */ = {
			isa = PBXVariantGroup;
			children = (
				1B78939C2802B13400E830AE /* Base */,
			);
			name = Main.storyboard;
			sourceTree = "<group>";
		};
		1B7893A02802B13600E830AE /* LaunchScreen.storyboard */ = {
			isa = PBXVariantGroup;
			children = (
				1B7893A12802B13600E830AE /* Base */,
			);
			name = LaunchScreen.storyboard;
			sourceTree = "<group>";
		};
/* End PBXVariantGroup section */

/* Begin XCBuildConfiguration section */
		1B7893BA2802B13700E830AE /* Debug */ = {
			isa = XCBuildConfiguration;
			buildSettings = {
				ALWAYS_SEARCH_USER_PATHS = NO;
				CLANG_ANALYZER_NONNULL = YES;
				CLANG_ANALYZER_NUMBER_OBJECT_CONVERSION = YES_AGGRESSIVE;
				CLANG_CXX_LANGUAGE_STANDARD = "gnu++14";
				CLANG_CXX_LIBRARY = "libc++";
				CLANG_ENABLE_MODULES = YES;
				CLANG_ENABLE_OBJC_ARC = YES;
				CLANG_ENABLE_OBJC_WEAK = YES;
				CLANG_WARN_BLOCK_CAPTURE_AUTORELEASING = YES;
				CLANG_WARN_BOOL_CONVERSION = YES;
				CLANG_WARN_COMMA = YES;
				CLANG_WARN_CONSTANT_CONVERSION = YES;
				CLANG_WARN_DEPRECATED_OBJC_IMPLEMENTATIONS = YES;
				CLANG_WARN_DIRECT_OBJC_ISA_USAGE = YES_ERROR;
				CLANG_WARN_DOCUMENTATION_COMMENTS = YES;
				CLANG_WARN_EMPTY_BODY = YES;
				CLANG_WARN_ENUM_CONVERSION = YES;
				CLANG_WARN_INFINITE_RECURSION = YES;
				CLANG_WARN_INT_CONVERSION = YES;
				CLANG_WARN_NON_LITERAL_NULL_CONVERSION = YES;
				CLANG_WARN_OBJC_IMPLICIT_RETAIN_SELF = YES;
				CLANG_WARN_OBJC_LITERAL_CONVERSION = YES;
				CLANG_WARN_OBJC_ROOT_CLASS = YES_ERROR;
				CLANG_WARN_QUOTED_INCLUDE_IN_FRAMEWORK_HEADER = YES;
				CLANG_WARN_RANGE_LOOP_ANALYSIS = YES;
				CLANG_WARN_STRICT_PROTOTYPES = YES;
				CLANG_WARN_SUSPICIOUS_MOVE = YES;
				CLANG_WARN_UNGUARDED_AVAILABILITY = YES_AGGRESSIVE;
				CLANG_WARN_UNREACHABLE_CODE = YES;
				CLANG_WARN__DUPLICATE_METHOD_MATCH = YES;
				COPY_PHASE_STRIP = NO;
				DEBUG_INFORMATION_FORMAT = dwarf;
				ENABLE_STRICT_OBJC_MSGSEND = YES;
				ENABLE_TESTABILITY = YES;
				GCC_C_LANGUAGE_STANDARD = gnu11;
				GCC_DYNAMIC_NO_PIC = NO;
				GCC_NO_COMMON_BLOCKS = YES;
				GCC_OPTIMIZATION_LEVEL = 0;
				GCC_PREPROCESSOR_DEFINITIONS = (
					"DEBUG=1",
					"$(inherited)",
				);
				GCC_WARN_64_TO_32_BIT_CONVERSION = YES;
				GCC_WARN_ABOUT_RETURN_TYPE = YES_ERROR;
				GCC_WARN_UNDECLARED_SELECTOR = YES;
				GCC_WARN_UNINITIALIZED_AUTOS = YES_AGGRESSIVE;
				GCC_WARN_UNUSED_FUNCTION = YES;
				GCC_WARN_UNUSED_VARIABLE = YES;
				IPHONEOS_DEPLOYMENT_TARGET = 14.4;
				MTL_ENABLE_DEBUG_INFO = INCLUDE_SOURCE;
				MTL_FAST_MATH = YES;
				ONLY_ACTIVE_ARCH = YES;
				SDKROOT = iphoneos;
				SWIFT_ACTIVE_COMPILATION_CONDITIONS = DEBUG;
				SWIFT_OPTIMIZATION_LEVEL = "-Onone";
			};
			name = Debug;
		};
		1B7893BB2802B13700E830AE /* Release */ = {
			isa = XCBuildConfiguration;
			buildSettings = {
				ALWAYS_SEARCH_USER_PATHS = NO;
				CLANG_ANALYZER_NONNULL = YES;
				CLANG_ANALYZER_NUMBER_OBJECT_CONVERSION = YES_AGGRESSIVE;
				CLANG_CXX_LANGUAGE_STANDARD = "gnu++14";
				CLANG_CXX_LIBRARY = "libc++";
				CLANG_ENABLE_MODULES = YES;
				CLANG_ENABLE_OBJC_ARC = YES;
				CLANG_ENABLE_OBJC_WEAK = YES;
				CLANG_WARN_BLOCK_CAPTURE_AUTORELEASING = YES;
				CLANG_WARN_BOOL_CONVERSION = YES;
				CLANG_WARN_COMMA = YES;
				CLANG_WARN_CONSTANT_CONVERSION = YES;
				CLANG_WARN_DEPRECATED_OBJC_IMPLEMENTATIONS = YES;
				CLANG_WARN_DIRECT_OBJC_ISA_USAGE = YES_ERROR;
				CLANG_WARN_DOCUMENTATION_COMMENTS = YES;
				CLANG_WARN_EMPTY_BODY = YES;
				CLANG_WARN_ENUM_CONVERSION = YES;
				CLANG_WARN_INFINITE_RECURSION = YES;
				CLANG_WARN_INT_CONVERSION = YES;
				CLANG_WARN_NON_LITERAL_NULL_CONVERSION = YES;
				CLANG_WARN_OBJC_IMPLICIT_RETAIN_SELF = YES;
				CLANG_WARN_OBJC_LITERAL_CONVERSION = YES;
				CLANG_WARN_OBJC_ROOT_CLASS = YES_ERROR;
				CLANG_WARN_QUOTED_INCLUDE_IN_FRAMEWORK_HEADER = YES;
				CLANG_WARN_RANGE_LOOP_ANALYSIS = YES;
				CLANG_WARN_STRICT_PROTOTYPES = YES;
				CLANG_WARN_SUSPICIOUS_MOVE = YES;
				CLANG_WARN_UNGUARDED_AVAILABILITY = YES_AGGRESSIVE;
				CLANG_WARN_UNREACHABLE_CODE = YES;
				CLANG_WARN__DUPLICATE_METHOD_MATCH = YES;
				COPY_PHASE_STRIP = NO;
				DEBUG_INFORMATION_FORMAT = "dwarf-with-dsym";
				ENABLE_NS_ASSERTIONS = NO;
				ENABLE_STRICT_OBJC_MSGSEND = YES;
				GCC_C_LANGUAGE_STANDARD = gnu11;
				GCC_NO_COMMON_BLOCKS = YES;
				GCC_WARN_64_TO_32_BIT_CONVERSION = YES;
				GCC_WARN_ABOUT_RETURN_TYPE = YES_ERROR;
				GCC_WARN_UNDECLARED_SELECTOR = YES;
				GCC_WARN_UNINITIALIZED_AUTOS = YES_AGGRESSIVE;
				GCC_WARN_UNUSED_FUNCTION = YES;
				GCC_WARN_UNUSED_VARIABLE = YES;
				IPHONEOS_DEPLOYMENT_TARGET = 14.4;
				MTL_ENABLE_DEBUG_INFO = NO;
				MTL_FAST_MATH = YES;
				SDKROOT = iphoneos;
				SWIFT_COMPILATION_MODE = wholemodule;
				SWIFT_OPTIMIZATION_LEVEL = "-O";
				VALIDATE_PRODUCT = YES;
			};
			name = Release;
		};
		1B7893BD2802B13700E830AE /* Debug */ = {
			isa = XCBuildConfiguration;
			buildSettings = {
				ASSETCATALOG_COMPILER_APPICON_NAME = AppIcon;
				ASSETCATALOG_COMPILER_GLOBAL_ACCENT_COLOR_NAME = AccentColor;
				CODE_SIGN_STYLE = Automatic;
				DEVELOPMENT_TEAM = DQ48S8SUS4;
				INFOPLIST_FILE = SWAPI/Info.plist;
				LD_RUNPATH_SEARCH_PATHS = (
					"$(inherited)",
					"@executable_path/Frameworks",
				);
				PRODUCT_BUNDLE_IDENTIFIER = ru.50.FominAlexander.SWAPI;
				PRODUCT_NAME = "$(TARGET_NAME)";
				SWIFT_VERSION = 5.0;
				TARGETED_DEVICE_FAMILY = "1,2";
			};
			name = Debug;
		};
		1B7893BE2802B13700E830AE /* Release */ = {
			isa = XCBuildConfiguration;
			buildSettings = {
				ASSETCATALOG_COMPILER_APPICON_NAME = AppIcon;
				ASSETCATALOG_COMPILER_GLOBAL_ACCENT_COLOR_NAME = AccentColor;
				CODE_SIGN_STYLE = Automatic;
				DEVELOPMENT_TEAM = DQ48S8SUS4;
				INFOPLIST_FILE = SWAPI/Info.plist;
				LD_RUNPATH_SEARCH_PATHS = (
					"$(inherited)",
					"@executable_path/Frameworks",
				);
				PRODUCT_BUNDLE_IDENTIFIER = ru.50.FominAlexander.SWAPI;
				PRODUCT_NAME = "$(TARGET_NAME)";
				SWIFT_VERSION = 5.0;
				TARGETED_DEVICE_FAMILY = "1,2";
			};
			name = Release;
		};
		1B7893C02802B13700E830AE /* Debug */ = {
			isa = XCBuildConfiguration;
			buildSettings = {
				ALWAYS_EMBED_SWIFT_STANDARD_LIBRARIES = YES;
				BUNDLE_LOADER = "$(TEST_HOST)";
				CODE_SIGN_STYLE = Automatic;
				DEVELOPMENT_TEAM = DQ48S8SUS4;
				INFOPLIST_FILE = SWAPITests/Info.plist;
				IPHONEOS_DEPLOYMENT_TARGET = 14.4;
				LD_RUNPATH_SEARCH_PATHS = (
					"$(inherited)",
					"@executable_path/Frameworks",
					"@loader_path/Frameworks",
				);
				PRODUCT_BUNDLE_IDENTIFIER = ru.50.FominAlexander.SWAPITests;
				PRODUCT_NAME = "$(TARGET_NAME)";
				SWIFT_VERSION = 5.0;
				TARGETED_DEVICE_FAMILY = "1,2";
				TEST_HOST = "$(BUILT_PRODUCTS_DIR)/SWAPI.app/SWAPI";
			};
			name = Debug;
		};
		1B7893C12802B13700E830AE /* Release */ = {
			isa = XCBuildConfiguration;
			buildSettings = {
				ALWAYS_EMBED_SWIFT_STANDARD_LIBRARIES = YES;
				BUNDLE_LOADER = "$(TEST_HOST)";
				CODE_SIGN_STYLE = Automatic;
				DEVELOPMENT_TEAM = DQ48S8SUS4;
				INFOPLIST_FILE = SWAPITests/Info.plist;
				IPHONEOS_DEPLOYMENT_TARGET = 14.4;
				LD_RUNPATH_SEARCH_PATHS = (
					"$(inherited)",
					"@executable_path/Frameworks",
					"@loader_path/Frameworks",
				);
				PRODUCT_BUNDLE_IDENTIFIER = ru.50.FominAlexander.SWAPITests;
				PRODUCT_NAME = "$(TARGET_NAME)";
				SWIFT_VERSION = 5.0;
				TARGETED_DEVICE_FAMILY = "1,2";
				TEST_HOST = "$(BUILT_PRODUCTS_DIR)/SWAPI.app/SWAPI";
			};
			name = Release;
		};
		1B7893C32802B13700E830AE /* Debug */ = {
			isa = XCBuildConfiguration;
			buildSettings = {
				ALWAYS_EMBED_SWIFT_STANDARD_LIBRARIES = YES;
				CODE_SIGN_STYLE = Automatic;
				DEVELOPMENT_TEAM = DQ48S8SUS4;
				INFOPLIST_FILE = SWAPIUITests/Info.plist;
				LD_RUNPATH_SEARCH_PATHS = (
					"$(inherited)",
					"@executable_path/Frameworks",
					"@loader_path/Frameworks",
				);
				PRODUCT_BUNDLE_IDENTIFIER = ru.50.FominAlexander.SWAPIUITests;
				PRODUCT_NAME = "$(TARGET_NAME)";
				SWIFT_VERSION = 5.0;
				TARGETED_DEVICE_FAMILY = "1,2";
				TEST_TARGET_NAME = SWAPI;
			};
			name = Debug;
		};
		1B7893C42802B13700E830AE /* Release */ = {
			isa = XCBuildConfiguration;
			buildSettings = {
				ALWAYS_EMBED_SWIFT_STANDARD_LIBRARIES = YES;
				CODE_SIGN_STYLE = Automatic;
				DEVELOPMENT_TEAM = DQ48S8SUS4;
				INFOPLIST_FILE = SWAPIUITests/Info.plist;
				LD_RUNPATH_SEARCH_PATHS = (
					"$(inherited)",
					"@executable_path/Frameworks",
					"@loader_path/Frameworks",
				);
				PRODUCT_BUNDLE_IDENTIFIER = ru.50.FominAlexander.SWAPIUITests;
				PRODUCT_NAME = "$(TARGET_NAME)";
				SWIFT_VERSION = 5.0;
				TARGETED_DEVICE_FAMILY = "1,2";
				TEST_TARGET_NAME = SWAPI;
			};
			name = Release;
		};
/* End XCBuildConfiguration section */

/* Begin XCConfigurationList section */
		1B78938D2802B13300E830AE /* Build configuration list for PBXProject "SWAPI" */ = {
			isa = XCConfigurationList;
			buildConfigurations = (
				1B7893BA2802B13700E830AE /* Debug */,
				1B7893BB2802B13700E830AE /* Release */,
			);
			defaultConfigurationIsVisible = 0;
			defaultConfigurationName = Release;
		};
		1B7893BC2802B13700E830AE /* Build configuration list for PBXNativeTarget "SWAPI" */ = {
			isa = XCConfigurationList;
			buildConfigurations = (
				1B7893BD2802B13700E830AE /* Debug */,
				1B7893BE2802B13700E830AE /* Release */,
			);
			defaultConfigurationIsVisible = 0;
			defaultConfigurationName = Release;
		};
		1B7893BF2802B13700E830AE /* Build configuration list for PBXNativeTarget "SWAPITests" */ = {
			isa = XCConfigurationList;
			buildConfigurations = (
				1B7893C02802B13700E830AE /* Debug */,
				1B7893C12802B13700E830AE /* Release */,
			);
			defaultConfigurationIsVisible = 0;
			defaultConfigurationName = Release;
		};
		1B7893C22802B13700E830AE /* Build configuration list for PBXNativeTarget "SWAPIUITests" */ = {
			isa = XCConfigurationList;
			buildConfigurations = (
				1B7893C32802B13700E830AE /* Debug */,
				1B7893C42802B13700E830AE /* Release */,
			);
			defaultConfigurationIsVisible = 0;
			defaultConfigurationName = Release;
		};
/* End XCConfigurationList section */
	};
	rootObject = 1B78938A2802B13300E830AE /* Project object */;
}
